{
  "name": "personal-podcast",
  "version": "1.0.0",
  "lockfileVersion": 2,
  "requires": true,
  "packages": {
    "": {
      "version": "1.0.0",
      "license": "ISC",
      "dependencies": {
        "get-mp3-duration": "^1.0.0",
        "podcast": "^1.3.0"
      }
    },
    "node_modules/get-mp3-duration": {
      "version": "1.0.0",
      "resolved": "https://registry.npmjs.org/get-mp3-duration/-/get-mp3-duration-1.0.0.tgz",
      "integrity": "sha1-Rx78oPnkkw54ZgFvYHhYL0zpNMs="
    },
    "node_modules/mime-db": {
      "version": "1.25.0",
      "resolved": "https://registry.npmjs.org/mime-db/-/mime-db-1.25.0.tgz",
      "integrity": "sha1-wY29fHOl2/b0SgJNwNFloeexw5I=",
      "engines": {
        "node": ">= 0.6"
      }
    },
    "node_modules/mime-types": {
      "version": "2.1.13",
      "resolved": "https://registry.npmjs.org/mime-types/-/mime-types-2.1.13.tgz",
      "integrity": "sha1-4HqqnGxrmnyjASxpADrSWjnpKog=",
      "dependencies": {
        "mime-db": "~1.25.0"
      },
      "engines": {
        "node": ">= 0.6"
      }
    },
    "node_modules/podcast": {
      "version": "1.3.0",
      "resolved": "https://registry.npmjs.org/podcast/-/podcast-1.3.0.tgz",
      "integrity": "sha512-L0UNP8SMdoihxgpdXCaXZEKZBBCGzld5PSy8QbQYsk83bdzq14cdW8flJduZjQNbB2If5frwVIC5VpMq9CHchA==",
      "dependencies": {
        "rss": "^1.2.2"
      }
    },
    "node_modules/rss": {
      "version": "1.2.2",
      "resolved": "https://registry.npmjs.org/rss/-/rss-1.2.2.tgz",
      "integrity": "sha1-UKFpiHYTgTOnT5oF0r3I240nqSE=",
      "dependencies": {
        "mime-types": "2.1.13",
        "xml": "1.0.1"
      }
    },
    "node_modules/xml": {
      "version": "1.0.1",
      "resolved": "https://registry.npmjs.org/xml/-/xml-1.0.1.tgz",
      "integrity": "sha1-eLpyAgApxbyHuKgaPPzXS0ovweU="
    }
  },
  "dependencies": {
    "get-mp3-duration": {
      "version": "1.0.0",
      "resolved": "https://registry.npmjs.org/get-mp3-duration/-/get-mp3-duration-1.0.0.tgz",
      "integrity": "sha1-Rx78oPnkkw54ZgFvYHhYL0zpNMs="
    },
    "mime-db": {
      "version": "1.25.0",
      "resolved": "https://registry.npmjs.org/mime-db/-/mime-db-1.25.0.tgz",
      "integrity": "sha1-wY29fHOl2/b0SgJNwNFloeexw5I="
    },
    "mime-types": {
      "version": "2.1.13",
      "resolved": "https://registry.npmjs.org/mime-types/-/mime-types-2.1.13.tgz",
      "integrity": "sha1-4HqqnGxrmnyjASxpADrSWjnpKog=",
      "requires": {
        "mime-db": "~1.25.0"
      }
    },
    "podcast": {
      "version": "1.3.0",
      "resolved": "https://registry.npmjs.org/podcast/-/podcast-1.3.0.tgz",
      "integrity": "sha512-L0UNP8SMdoihxgpdXCaXZEKZBBCGzld5PSy8QbQYsk83bdzq14cdW8flJduZjQNbB2If5frwVIC5VpMq9CHchA==",
      "requires": {
        "rss": "^1.2.2"
      }
    },
    "rss": {
      "version": "1.2.2",
      "resolved": "https://registry.npmjs.org/rss/-/rss-1.2.2.tgz",
      "integrity": "sha1-UKFpiHYTgTOnT5oF0r3I240nqSE=",
      "requires": {
        "mime-types": "2.1.13",
        "xml": "1.0.1"
      }
    },
    "xml": {
      "version": "1.0.1",
      "resolved": "https://registry.npmjs.org/xml/-/xml-1.0.1.tgz",
      "integrity": "sha1-eLpyAgApxbyHuKgaPPzXS0ovweU="
    }
  }
}
